
Microsoft Visual Studio Solution File, Format Version 12.00
# Visual Studio Version 17
VisualStudioVersion = 17.5.002.0
MinimumVisualStudioVersion = 10.0.40219.1
Project("{9A19103F-16F7-4668-BE54-9A1E7A4F7556}") = "TESTE_ESTACIONAMENTO", "TESTE_ESTACIONAMENTO.csproj", "{D402FD19-4FD3-4685-9BF6-A63B731B4F6A}"
EndProject
Global
	GlobalSection(SolutionConfigurationPlatforms) = preSolution
		Debug|Any CPU = Debug|Any CPU
		Release|Any CPU = Release|Any CPU
	EndGlobalSection
	GlobalSection(ProjectConfigurationPlatforms) = postSolution
		{D402FD19-4FD3-4685-9BF6-A63B731B4F6A}.Debug|Any CPU.ActiveCfg = Debug|Any CPU
		{D402FD19-4FD3-4685-9BF6-A63B731B4F6A}.Debug|Any CPU.Build.0 = Debug|Any CPU
		{D402FD19-4FD3-4685-9BF6-A63B731B4F6A}.Release|Any CPU.ActiveCfg = Release|Any CPU
		{D402FD19-4FD3-4685-9BF6-A63B731B4F6A}.Release|Any CPU.Build.0 = Release|Any CPU
	EndGlobalSection
	GlobalSection(SolutionProperties) = preSolution
		HideSolutionNode = FALSE
	EndGlobalSection
	GlobalSection(ExtensibilityGlobals) = postSolution
		SolutionGuid = {E5BF8D5F-1F68-4192-81E3-8EC34FF38431}
	EndGlobalSection
EndGlobal
